
Microsoft Visual Studio Solution File, Format Version 12.00
# Visual Studio for Mac
Project("{FAE04EC0-301F-11D3-BF4B-00C04F79EFBC}") = "Assembly-CSharp", "Assembly-CSharp.csproj", "{69A0FDBF-6421-5163-4E2F-5EC24C6B627E}"
EndProject
Project("{FAE04EC0-301F-11D3-BF4B-00C04F79EFBC}") = "Assembly-CSharp-Editor", "Assembly-CSharp-Editor.csproj", "{BDA2F1B0-C561-45FF-4F83-D5E5BCBBC179}"
EndProject
Global
	GlobalSection(SolutionConfigurationPlatforms) = preSolution
		Debug|Any CPU = Debug|Any CPU
		Release|Any CPU = Release|Any CPU
	EndGlobalSection
	GlobalSection(ProjectConfigurationPlatforms) = postSolution
		{69A0FDBF-6421-5163-4E2F-5EC24C6B627E}.Debug|Any CPU.ActiveCfg = Debug|Any CPU
		{69A0FDBF-6421-5163-4E2F-5EC24C6B627E}.Debug|Any CPU.Build.0 = Debug|Any CPU
		{69A0FDBF-6421-5163-4E2F-5EC24C6B627E}.Release|Any CPU.ActiveCfg = Release|Any CPU
		{69A0FDBF-6421-5163-4E2F-5EC24C6B627E}.Release|Any CPU.Build.0 = Release|Any CPU
		{BDA2F1B0-C561-45FF-4F83-D5E5BCBBC179}.Debug|Any CPU.ActiveCfg = Debug|Any CPU
		{BDA2F1B0-C561-45FF-4F83-D5E5BCBBC179}.Debug|Any CPU.Build.0 = Debug|Any CPU
		{BDA2F1B0-C561-45FF-4F83-D5E5BCBBC179}.Release|Any CPU.ActiveCfg = Release|Any CPU
		{BDA2F1B0-C561-45FF-4F83-D5E5BCBBC179}.Release|Any CPU.Build.0 = Release|Any CPU
	EndGlobalSection
	GlobalSection(SolutionProperties) = preSolution
		HideSolutionNode = FALSE
	EndGlobalSection
EndGlobal
